
Microsoft Visual Studio Solution File, Format Version 12.00
# Visual Studio Version 16
VisualStudioVersion = 16.0.31112.23
MinimumVisualStudioVersion = 10.0.40219.1
Project("{2150E333-8FDC-42A3-9474-1A3956D46DE8}") = "Services", "Services", "{9DDF5466-A5AA-4E48-9D3F-0326BC60A938}"
	ProjectSection(SolutionItems) = preProject
		Ports.txt = Ports.txt
	EndProjectSection
EndProject
Project("{2150E333-8FDC-42A3-9474-1A3956D46DE8}") = "Catalog", "Catalog", "{E9861FA5-9271-4803-97D1-E39D7AD88363}"
EndProject
Project("{9A19103F-16F7-4668-BE54-9A1E7A4F7556}") = "Course.Services.Catalog", "Services\Catalog\Course.Services.Catalog\Course.Services.Catalog.csproj", "{C2ED6A3B-39CD-4B6E-AC5A-D567F20C13BE}"
EndProject
Project("{2150E333-8FDC-42A3-9474-1A3956D46DE8}") = "PhotoStock", "PhotoStock", "{42DEED59-FB90-45FD-B89A-621CB4101D18}"
EndProject
Project("{9A19103F-16F7-4668-BE54-9A1E7A4F7556}") = "Course.Services.PhotoStock", "Services\PhotoStock\Course.Services.PhotoStock\Course.Services.PhotoStock.csproj", "{35FB33A5-43B9-439D-AD06-4C0585E7D886}"
EndProject
Project("{2150E333-8FDC-42A3-9474-1A3956D46DE8}") = "Shared", "Shared", "{0D85F92D-055C-4C9B-8D74-5E6C9E7DD8D2}"
EndProject
Project("{9A19103F-16F7-4668-BE54-9A1E7A4F7556}") = "Course.Shared", "Shared\Course.Shared\Course.Shared.csproj", "{7CF7276B-8F20-44F6-8B53-992544202817}"
EndProject
Project("{2150E333-8FDC-42A3-9474-1A3956D46DE8}") = "Basket", "Basket", "{4A81FFC7-C34E-4C5C-9AC9-2A67BFAB5864}"
EndProject
Project("{9A19103F-16F7-4668-BE54-9A1E7A4F7556}") = "Course.Services.Basket", "Services\Basket\Course.Services.Basket\Course.Services.Basket.csproj", "{9D0A6FC8-23D0-49B9-92E2-DD9F1C139FF8}"
EndProject
Project("{2150E333-8FDC-42A3-9474-1A3956D46DE8}") = "Identity", "Identity", "{B0C2F69E-C7A5-42E2-9183-569263A3A046}"
EndProject
Project("{FAE04EC0-301F-11D3-BF4B-00C04F79EFBC}") = "Course.Services.Identity", "Course.Services.Identity\Course.Services.Identity.csproj", "{67C6CD92-436B-44B1-BEC0-6C552A9AEB58}"
EndProject
Global
	GlobalSection(SolutionConfigurationPlatforms) = preSolution
		Debug|Any CPU = Debug|Any CPU
		Release|Any CPU = Release|Any CPU
	EndGlobalSection
	GlobalSection(ProjectConfigurationPlatforms) = postSolution
		{C2ED6A3B-39CD-4B6E-AC5A-D567F20C13BE}.Debug|Any CPU.ActiveCfg = Debug|Any CPU
		{C2ED6A3B-39CD-4B6E-AC5A-D567F20C13BE}.Debug|Any CPU.Build.0 = Debug|Any CPU
		{C2ED6A3B-39CD-4B6E-AC5A-D567F20C13BE}.Release|Any CPU.ActiveCfg = Release|Any CPU
		{C2ED6A3B-39CD-4B6E-AC5A-D567F20C13BE}.Release|Any CPU.Build.0 = Release|Any CPU
		{35FB33A5-43B9-439D-AD06-4C0585E7D886}.Debug|Any CPU.ActiveCfg = Debug|Any CPU
		{35FB33A5-43B9-439D-AD06-4C0585E7D886}.Debug|Any CPU.Build.0 = Debug|Any CPU
		{35FB33A5-43B9-439D-AD06-4C0585E7D886}.Release|Any CPU.ActiveCfg = Release|Any CPU
		{35FB33A5-43B9-439D-AD06-4C0585E7D886}.Release|Any CPU.Build.0 = Release|Any CPU
		{7CF7276B-8F20-44F6-8B53-992544202817}.Debug|Any CPU.ActiveCfg = Debug|Any CPU
		{7CF7276B-8F20-44F6-8B53-992544202817}.Debug|Any CPU.Build.0 = Debug|Any CPU
		{7CF7276B-8F20-44F6-8B53-992544202817}.Release|Any CPU.ActiveCfg = Release|Any CPU
		{7CF7276B-8F20-44F6-8B53-992544202817}.Release|Any CPU.Build.0 = Release|Any CPU
		{9D0A6FC8-23D0-49B9-92E2-DD9F1C139FF8}.Debug|Any CPU.ActiveCfg = Debug|Any CPU
		{9D0A6FC8-23D0-49B9-92E2-DD9F1C139FF8}.Debug|Any CPU.Build.0 = Debug|Any CPU
		{9D0A6FC8-23D0-49B9-92E2-DD9F1C139FF8}.Release|Any CPU.ActiveCfg = Release|Any CPU
		{9D0A6FC8-23D0-49B9-92E2-DD9F1C139FF8}.Release|Any CPU.Build.0 = Release|Any CPU
		{67C6CD92-436B-44B1-BEC0-6C552A9AEB58}.Debug|Any CPU.ActiveCfg = Debug|Any CPU
		{67C6CD92-436B-44B1-BEC0-6C552A9AEB58}.Debug|Any CPU.Build.0 = Debug|Any CPU
		{67C6CD92-436B-44B1-BEC0-6C552A9AEB58}.Release|Any CPU.ActiveCfg = Release|Any CPU
		{67C6CD92-436B-44B1-BEC0-6C552A9AEB58}.Release|Any CPU.Build.0 = Release|Any CPU
	EndGlobalSection
	GlobalSection(SolutionProperties) = preSolution
		HideSolutionNode = FALSE
	EndGlobalSection
	GlobalSection(NestedProjects) = preSolution
		{E9861FA5-9271-4803-97D1-E39D7AD88363} = {9DDF5466-A5AA-4E48-9D3F-0326BC60A938}
		{C2ED6A3B-39CD-4B6E-AC5A-D567F20C13BE} = {E9861FA5-9271-4803-97D1-E39D7AD88363}
		{42DEED59-FB90-45FD-B89A-621CB4101D18} = {9DDF5466-A5AA-4E48-9D3F-0326BC60A938}
		{35FB33A5-43B9-439D-AD06-4C0585E7D886} = {42DEED59-FB90-45FD-B89A-621CB4101D18}
		{7CF7276B-8F20-44F6-8B53-992544202817} = {0D85F92D-055C-4C9B-8D74-5E6C9E7DD8D2}
		{4A81FFC7-C34E-4C5C-9AC9-2A67BFAB5864} = {9DDF5466-A5AA-4E48-9D3F-0326BC60A938}
		{9D0A6FC8-23D0-49B9-92E2-DD9F1C139FF8} = {4A81FFC7-C34E-4C5C-9AC9-2A67BFAB5864}
		{B0C2F69E-C7A5-42E2-9183-569263A3A046} = {9DDF5466-A5AA-4E48-9D3F-0326BC60A938}
		{67C6CD92-436B-44B1-BEC0-6C552A9AEB58} = {B0C2F69E-C7A5-42E2-9183-569263A3A046}
	EndGlobalSection
	GlobalSection(ExtensibilityGlobals) = postSolution
		SolutionGuid = {14EC9333-B53A-4C3C-9D57-46669E10F432}
	EndGlobalSection
EndGlobal
